
Microsoft Visual Studio Solution File, Format Version 12.00
# Visual Studio Version 17
VisualStudioVersion = 17.8.34511.84
MinimumVisualStudioVersion = 10.0.40219.1
Project("{9A19103F-16F7-4668-BE54-9A1E7A4F7556}") = "ConsoleApp1", "ConsoleApp1\ConsoleApp1.csproj", "{9B2DB61F-539A-4FF5-91B7-E6D30D2C05DA}"
EndProject
Project("{9A19103F-16F7-4668-BE54-9A1E7A4F7556}") = "MyLibraryFis", "MyLibraryFis\MyLibraryFis.csproj", "{FA565959-8173-487D-9A03-287317372108}"
EndProject
Project("{2150E333-8FDC-42A3-9474-1A3956D46DE8}") = "Day1", "Day1", "{DE3716EE-BE10-435B-A5C2-019B1392C4EF}"
EndProject
Project("{2150E333-8FDC-42A3-9474-1A3956D46DE8}") = "Day2", "Day2", "{A8D26D8C-688B-4663-92FC-863F68B7B4CD}"
EndProject
Project("{9A19103F-16F7-4668-BE54-9A1E7A4F7556}") = "Day2_exercise1", "Exercise2_1\Day2_exercise1.csproj", "{BDEFBE5C-13B1-49AD-AEBF-DE18BEB389D1}"
EndProject
Project("{9A19103F-16F7-4668-BE54-9A1E7A4F7556}") = "Day2_exercise2", "Day2_exercise2\Day2_exercise2.csproj", "{22260C90-982F-41A9-A377-62828C506FE8}"
EndProject
Project("{9A19103F-16F7-4668-BE54-9A1E7A4F7556}") = "Day2_exercise3", "Day2_exercise3\Day2_exercise3.csproj", "{D4D799F4-5254-4709-8E74-40D4E6EF9E17}"
EndProject
Project("{9A19103F-16F7-4668-BE54-9A1E7A4F7556}") = "Day2_exercise4", "Day2_exercise4\Day2_exercise4.csproj", "{12342243-B3C1-4097-A465-A70A7885D881}"
EndProject
Project("{9A19103F-16F7-4668-BE54-9A1E7A4F7556}") = "Day2_exercise5", "Day2_exercise5\Day2_exercise5.csproj", "{42DB455C-D9CD-41E9-A859-891D03984681}"
EndProject
Project("{2150E333-8FDC-42A3-9474-1A3956D46DE8}") = "Day3", "Day3", "{68BC467A-C9FB-43BA-B601-79B0E3347911}"
EndProject
Project("{9A19103F-16F7-4668-BE54-9A1E7A4F7556}") = "Day3_exercise1", "Day3_Exercise1\Day3_exercise1.csproj", "{69D3AA0C-3D92-429D-8048-BC6DBFFDB544}"
EndProject
Project("{9A19103F-16F7-4668-BE54-9A1E7A4F7556}") = "Day3_exercise2", "Day3_Exercise2\Day3_exercise2.csproj", "{504C28DC-C860-4BF7-96D4-3FF34326A813}"
EndProject
Project("{2150E333-8FDC-42A3-9474-1A3956D46DE8}") = "Day4", "Day4", "{F62AB523-6F96-4A48-84EB-5F46BB11EE73}"
EndProject
Project("{9A19103F-16F7-4668-BE54-9A1E7A4F7556}") = "Day4_exercise1", "Day4_exercise1\Day4_exercise1.csproj", "{8A632DB8-C871-4505-B2F7-A21E46C9D334}"
EndProject
Project("{9A19103F-16F7-4668-BE54-9A1E7A4F7556}") = "Day4_exercise2", "Day4_exercise2\Day4_exercise2.csproj", "{55110A87-3FD2-4045-BFD6-81283A72B768}"
EndProject
Project("{9A19103F-16F7-4668-BE54-9A1E7A4F7556}") = "Day4_exercise3", "Day4_exercise3\Day4_exercise3.csproj", "{1F27B9F1-88BD-4EB9-BEDD-735B2C2BC049}"
EndProject
Project("{9A19103F-16F7-4668-BE54-9A1E7A4F7556}") = "Day4_exercise4", "Day4_exercise4\Day4_exercise4.csproj", "{7FF80E1F-BA69-44C9-94CB-2C785443426E}"
EndProject
Project("{9A19103F-16F7-4668-BE54-9A1E7A4F7556}") = "Day4_exercise5", "Day4_exercise5\Day4_exercise5.csproj", "{CAC6AFC3-D2E8-4E9C-8D42-46F7320C5D2F}"
EndProject
Project("{9A19103F-16F7-4668-BE54-9A1E7A4F7556}") = "Day4_exercise6", "Day4_exercise6\Day4_exercise6.csproj", "{1A0DBE22-B461-4943-95E5-E9511F2D4968}"
EndProject
Project("{2150E333-8FDC-42A3-9474-1A3956D46DE8}") = "Day5", "Day5", "{46280C6E-2B8A-48D0-A746-365C10124181}"
EndProject
Project("{9A19103F-16F7-4668-BE54-9A1E7A4F7556}") = "Day5_exercise1", "Day5_exercise1\Day5_exercise1.csproj", "{7CB2B38B-34AB-4D86-8FC2-4B90B6B611F1}"
EndProject
Project("{9A19103F-16F7-4668-BE54-9A1E7A4F7556}") = "Day5_exercise2", "Day5_exercise2\Day5_exercise2.csproj", "{62788931-00FE-4EFE-832D-A876E8559E37}"
EndProject
Project("{9A19103F-16F7-4668-BE54-9A1E7A4F7556}") = "Day5_exercise3", "Day5_exercise3\Day5_exercise3.csproj", "{E89DCF1E-7E0B-4445-9BA9-ECD7B100C543}"
EndProject
Project("{9A19103F-16F7-4668-BE54-9A1E7A4F7556}") = "Day5_exercise4", "Day5_exercise4\Day5_exercise4.csproj", "{92F528FC-BCAE-4496-84BC-4DA4C37D0D00}"
EndProject
Project("{9A19103F-16F7-4668-BE54-9A1E7A4F7556}") = "Day5_exercise6", "Day5_exercise6\Day5_exercise6.csproj", "{AC00D3D2-C749-4220-82C7-B4E73F02EB64}"
EndProject
Project("{9A19103F-16F7-4668-BE54-9A1E7A4F7556}") = "Day5_exercise7", "Day5_exercise7\Day5_exercise7.csproj", "{38E2C486-075C-4E17-A18E-94059CEB4F0D}"
EndProject
Project("{9A19103F-16F7-4668-BE54-9A1E7A4F7556}") = "Day5_exercise8", "Day5_exercise8\Day5_exercise8.csproj", "{DBBB802C-62E0-4CEF-A2B6-C8D94AA3CE92}"
EndProject
Project("{9A19103F-16F7-4668-BE54-9A1E7A4F7556}") = "Day5_exercise9", "Day5_exercise9\Day5_exercise9.csproj", "{CA4FCB93-57C7-4B5E-B2C1-B0BD7229F1F5}"
EndProject
Project("{9A19103F-16F7-4668-BE54-9A1E7A4F7556}") = "Day5_exercise10", "Day5_exercise10\Day5_exercise10.csproj", "{5E9F92D6-FF13-46DA-9C68-E4A0D84491B1}"
EndProject
Project("{2150E333-8FDC-42A3-9474-1A3956D46DE8}") = "Day6", "Day6", "{376B472F-8F19-4762-83D3-588CFAAE7BA5}"
EndProject
Project("{9A19103F-16F7-4668-BE54-9A1E7A4F7556}") = "Day6exercise1", "Day6exercise1\Day6exercise1.csproj", "{AF606BE1-8292-4FAE-B2C4-DF3F09D388BF}"
EndProject
Project("{9A19103F-16F7-4668-BE54-9A1E7A4F7556}") = "Day6exercise2", "Day6exercise2\Day6exercise2.csproj", "{FB6F5405-EE24-4483-B313-787EB6833BF0}"
EndProject
Project("{9A19103F-16F7-4668-BE54-9A1E7A4F7556}") = "Day6exercise3", "Day6exercise3\Day6exercise3.csproj", "{E7710502-F3FF-456E-B503-54AAFD6FFC2F}"
EndProject
Project("{9A19103F-16F7-4668-BE54-9A1E7A4F7556}") = "Day6exercise4", "Day6exercise4\Day6exercise4.csproj", "{7D6016A1-1CAE-407A-AA16-250F738CF873}"
EndProject
Project("{9A19103F-16F7-4668-BE54-9A1E7A4F7556}") = "Day6exercise5", "Day6exercise5\Day6exercise5.csproj", "{AF1C8DB5-030E-40A8-ADCE-40253F67E684}"
EndProject
Project("{9A19103F-16F7-4668-BE54-9A1E7A4F7556}") = "Day6exercise6", "Day6exercise6\Day6exercise6.csproj", "{0579FA5E-3672-40DE-A524-8E8B2C33D603}"
EndProject
Project("{9A19103F-16F7-4668-BE54-9A1E7A4F7556}") = "Day6exercise7", "Day6exercise7\Day6exercise7.csproj", "{BADB8DDC-CE9E-4F1B-9ADA-C3023A5A086F}"
EndProject
Project("{9A19103F-16F7-4668-BE54-9A1E7A4F7556}") = "Day6exercise8", "Day6exercise8\Day6exercise8.csproj", "{045B1099-E482-42C2-B1B5-C432E9A04532}"
EndProject
Project("{9A19103F-16F7-4668-BE54-9A1E7A4F7556}") = "Day6exercise9", "Day6exercise9\Day6exercise9.csproj", "{69C3E75A-9F95-468B-BE36-2DDD7C0C134A}"
EndProject
Project("{2150E333-8FDC-42A3-9474-1A3956D46DE8}") = "Day7", "Day7", "{E048B968-FAB8-4B8C-A363-E1037EFD54F3}"
EndProject
Project("{9A19103F-16F7-4668-BE54-9A1E7A4F7556}") = "Day7exercise1", "Day7exercise1\Day7exercise1.csproj", "{E8330FD3-047D-491A-BDAC-466B2AFCEDBA}"
EndProject
Project("{9A19103F-16F7-4668-BE54-9A1E7A4F7556}") = "Day7exercise2", "Day7exercise2\Day7exercise2.csproj", "{D555EC34-A44C-4A30-BCEF-473C340767C4}"
EndProject
Project("{9A19103F-16F7-4668-BE54-9A1E7A4F7556}") = "Day7exercise4", "Day7exercise4\Day7exercise4.csproj", "{C2653BA3-476B-4B89-88FD-4262577C3ED9}"
EndProject
Project("{2150E333-8FDC-42A3-9474-1A3956D46DE8}") = "Day8", "Day8", "{EB01F849-E1B9-4A56-A8EE-EBFCDF65B9F8}"
EndProject
Project("{9A19103F-16F7-4668-BE54-9A1E7A4F7556}") = "Day8exercises", "Day8exercises\Day8exercises.csproj", "{CB274B75-222B-4812-9810-E2E9C305E7DA}"
EndProject
Project("{2150E333-8FDC-42A3-9474-1A3956D46DE8}") = "Day9", "Day9", "{2FAE9184-E194-4581-A67D-69B152DAE1C0}"
EndProject
Project("{9A19103F-16F7-4668-BE54-9A1E7A4F7556}") = "Day9WebApp", "Day9WebApp\Day9WebApp.csproj", "{4765AC7D-CA2D-4204-B139-872BA3EEC693}"
EndProject
Project("{2150E333-8FDC-42A3-9474-1A3956D46DE8}") = "Day10", "Day10", "{762B7B03-5523-492D-BE24-DD7B768D87D8}"
EndProject
Project("{9A19103F-16F7-4668-BE54-9A1E7A4F7556}") = "Day10WebApp", "Day10WebApp\Day10WebApp.csproj", "{54B73CDD-A790-4F48-BA48-C9F1DFAE3F23}"
EndProject
Project("{9A19103F-16F7-4668-BE54-9A1E7A4F7556}") = "musicstore", "musicstore\musicstore.csproj", "{4B92B6D0-B517-453A-AFC7-D113B302D6A9}"
EndProject
Project("{2150E333-8FDC-42A3-9474-1A3956D46DE8}") = "Day11", "Day11", "{0ABB44B9-CF0C-4225-9323-2A0C62DAC8AB}"
EndProject
Project("{FAE04EC0-301F-11D3-BF4B-00C04F79EFBC}") = "Day11WebApp", "Day11WebApp\Day11WebApp.csproj", "{A958F32C-222B-443B-9999-A1B33ECCF8E9}"
EndProject
Global
	GlobalSection(SolutionConfigurationPlatforms) = preSolution
		Debug|Any CPU = Debug|Any CPU
		Release|Any CPU = Release|Any CPU
	EndGlobalSection
	GlobalSection(ProjectConfigurationPlatforms) = postSolution
		{9B2DB61F-539A-4FF5-91B7-E6D30D2C05DA}.Debug|Any CPU.ActiveCfg = Debug|Any CPU
		{9B2DB61F-539A-4FF5-91B7-E6D30D2C05DA}.Debug|Any CPU.Build.0 = Debug|Any CPU
		{9B2DB61F-539A-4FF5-91B7-E6D30D2C05DA}.Release|Any CPU.ActiveCfg = Release|Any CPU
		{9B2DB61F-539A-4FF5-91B7-E6D30D2C05DA}.Release|Any CPU.Build.0 = Release|Any CPU
		{FA565959-8173-487D-9A03-287317372108}.Debug|Any CPU.ActiveCfg = Debug|Any CPU
		{FA565959-8173-487D-9A03-287317372108}.Debug|Any CPU.Build.0 = Debug|Any CPU
		{FA565959-8173-487D-9A03-287317372108}.Release|Any CPU.ActiveCfg = Release|Any CPU
		{FA565959-8173-487D-9A03-287317372108}.Release|Any CPU.Build.0 = Release|Any CPU
		{BDEFBE5C-13B1-49AD-AEBF-DE18BEB389D1}.Debug|Any CPU.ActiveCfg = Debug|Any CPU
		{BDEFBE5C-13B1-49AD-AEBF-DE18BEB389D1}.Debug|Any CPU.Build.0 = Debug|Any CPU
		{BDEFBE5C-13B1-49AD-AEBF-DE18BEB389D1}.Release|Any CPU.ActiveCfg = Release|Any CPU
		{BDEFBE5C-13B1-49AD-AEBF-DE18BEB389D1}.Release|Any CPU.Build.0 = Release|Any CPU
		{22260C90-982F-41A9-A377-62828C506FE8}.Debug|Any CPU.ActiveCfg = Debug|Any CPU
		{22260C90-982F-41A9-A377-62828C506FE8}.Debug|Any CPU.Build.0 = Debug|Any CPU
		{22260C90-982F-41A9-A377-62828C506FE8}.Release|Any CPU.ActiveCfg = Release|Any CPU
		{22260C90-982F-41A9-A377-62828C506FE8}.Release|Any CPU.Build.0 = Release|Any CPU
		{D4D799F4-5254-4709-8E74-40D4E6EF9E17}.Debug|Any CPU.ActiveCfg = Debug|Any CPU
		{D4D799F4-5254-4709-8E74-40D4E6EF9E17}.Debug|Any CPU.Build.0 = Debug|Any CPU
		{D4D799F4-5254-4709-8E74-40D4E6EF9E17}.Release|Any CPU.ActiveCfg = Release|Any CPU
		{D4D799F4-5254-4709-8E74-40D4E6EF9E17}.Release|Any CPU.Build.0 = Release|Any CPU
		{12342243-B3C1-4097-A465-A70A7885D881}.Debug|Any CPU.ActiveCfg = Debug|Any CPU
		{12342243-B3C1-4097-A465-A70A7885D881}.Debug|Any CPU.Build.0 = Debug|Any CPU
		{12342243-B3C1-4097-A465-A70A7885D881}.Release|Any CPU.ActiveCfg = Release|Any CPU
		{12342243-B3C1-4097-A465-A70A7885D881}.Release|Any CPU.Build.0 = Release|Any CPU
		{42DB455C-D9CD-41E9-A859-891D03984681}.Debug|Any CPU.ActiveCfg = Debug|Any CPU
		{42DB455C-D9CD-41E9-A859-891D03984681}.Debug|Any CPU.Build.0 = Debug|Any CPU
		{42DB455C-D9CD-41E9-A859-891D03984681}.Release|Any CPU.ActiveCfg = Release|Any CPU
		{42DB455C-D9CD-41E9-A859-891D03984681}.Release|Any CPU.Build.0 = Release|Any CPU
		{69D3AA0C-3D92-429D-8048-BC6DBFFDB544}.Debug|Any CPU.ActiveCfg = Debug|Any CPU
		{69D3AA0C-3D92-429D-8048-BC6DBFFDB544}.Debug|Any CPU.Build.0 = Debug|Any CPU
		{69D3AA0C-3D92-429D-8048-BC6DBFFDB544}.Release|Any CPU.ActiveCfg = Release|Any CPU
		{69D3AA0C-3D92-429D-8048-BC6DBFFDB544}.Release|Any CPU.Build.0 = Release|Any CPU
		{504C28DC-C860-4BF7-96D4-3FF34326A813}.Debug|Any CPU.ActiveCfg = Debug|Any CPU
		{504C28DC-C860-4BF7-96D4-3FF34326A813}.Debug|Any CPU.Build.0 = Debug|Any CPU
		{504C28DC-C860-4BF7-96D4-3FF34326A813}.Release|Any CPU.ActiveCfg = Release|Any CPU
		{504C28DC-C860-4BF7-96D4-3FF34326A813}.Release|Any CPU.Build.0 = Release|Any CPU
		{8A632DB8-C871-4505-B2F7-A21E46C9D334}.Debug|Any CPU.ActiveCfg = Debug|Any CPU
		{8A632DB8-C871-4505-B2F7-A21E46C9D334}.Debug|Any CPU.Build.0 = Debug|Any CPU
		{8A632DB8-C871-4505-B2F7-A21E46C9D334}.Release|Any CPU.ActiveCfg = Release|Any CPU
		{8A632DB8-C871-4505-B2F7-A21E46C9D334}.Release|Any CPU.Build.0 = Release|Any CPU
		{55110A87-3FD2-4045-BFD6-81283A72B768}.Debug|Any CPU.ActiveCfg = Debug|Any CPU
		{55110A87-3FD2-4045-BFD6-81283A72B768}.Debug|Any CPU.Build.0 = Debug|Any CPU
		{55110A87-3FD2-4045-BFD6-81283A72B768}.Release|Any CPU.ActiveCfg = Release|Any CPU
		{55110A87-3FD2-4045-BFD6-81283A72B768}.Release|Any CPU.Build.0 = Release|Any CPU
		{1F27B9F1-88BD-4EB9-BEDD-735B2C2BC049}.Debug|Any CPU.ActiveCfg = Debug|Any CPU
		{1F27B9F1-88BD-4EB9-BEDD-735B2C2BC049}.Debug|Any CPU.Build.0 = Debug|Any CPU
		{1F27B9F1-88BD-4EB9-BEDD-735B2C2BC049}.Release|Any CPU.ActiveCfg = Release|Any CPU
		{1F27B9F1-88BD-4EB9-BEDD-735B2C2BC049}.Release|Any CPU.Build.0 = Release|Any CPU
		{7FF80E1F-BA69-44C9-94CB-2C785443426E}.Debug|Any CPU.ActiveCfg = Debug|Any CPU
		{7FF80E1F-BA69-44C9-94CB-2C785443426E}.Debug|Any CPU.Build.0 = Debug|Any CPU
		{7FF80E1F-BA69-44C9-94CB-2C785443426E}.Release|Any CPU.ActiveCfg = Release|Any CPU
		{7FF80E1F-BA69-44C9-94CB-2C785443426E}.Release|Any CPU.Build.0 = Release|Any CPU
		{CAC6AFC3-D2E8-4E9C-8D42-46F7320C5D2F}.Debug|Any CPU.ActiveCfg = Debug|Any CPU
		{CAC6AFC3-D2E8-4E9C-8D42-46F7320C5D2F}.Debug|Any CPU.Build.0 = Debug|Any CPU
		{CAC6AFC3-D2E8-4E9C-8D42-46F7320C5D2F}.Release|Any CPU.ActiveCfg = Release|Any CPU
		{CAC6AFC3-D2E8-4E9C-8D42-46F7320C5D2F}.Release|Any CPU.Build.0 = Release|Any CPU
		{1A0DBE22-B461-4943-95E5-E9511F2D4968}.Debug|Any CPU.ActiveCfg = Debug|Any CPU
		{1A0DBE22-B461-4943-95E5-E9511F2D4968}.Debug|Any CPU.Build.0 = Debug|Any CPU
		{1A0DBE22-B461-4943-95E5-E9511F2D4968}.Release|Any CPU.ActiveCfg = Release|Any CPU
		{1A0DBE22-B461-4943-95E5-E9511F2D4968}.Release|Any CPU.Build.0 = Release|Any CPU
		{7CB2B38B-34AB-4D86-8FC2-4B90B6B611F1}.Debug|Any CPU.ActiveCfg = Debug|Any CPU
		{7CB2B38B-34AB-4D86-8FC2-4B90B6B611F1}.Debug|Any CPU.Build.0 = Debug|Any CPU
		{7CB2B38B-34AB-4D86-8FC2-4B90B6B611F1}.Release|Any CPU.ActiveCfg = Release|Any CPU
		{7CB2B38B-34AB-4D86-8FC2-4B90B6B611F1}.Release|Any CPU.Build.0 = Release|Any CPU
		{62788931-00FE-4EFE-832D-A876E8559E37}.Debug|Any CPU.ActiveCfg = Debug|Any CPU
		{62788931-00FE-4EFE-832D-A876E8559E37}.Debug|Any CPU.Build.0 = Debug|Any CPU
		{62788931-00FE-4EFE-832D-A876E8559E37}.Release|Any CPU.ActiveCfg = Release|Any CPU
		{62788931-00FE-4EFE-832D-A876E8559E37}.Release|Any CPU.Build.0 = Release|Any CPU
		{E89DCF1E-7E0B-4445-9BA9-ECD7B100C543}.Debug|Any CPU.ActiveCfg = Debug|Any CPU
		{E89DCF1E-7E0B-4445-9BA9-ECD7B100C543}.Debug|Any CPU.Build.0 = Debug|Any CPU
		{E89DCF1E-7E0B-4445-9BA9-ECD7B100C543}.Release|Any CPU.ActiveCfg = Release|Any CPU
		{E89DCF1E-7E0B-4445-9BA9-ECD7B100C543}.Release|Any CPU.Build.0 = Release|Any CPU
		{92F528FC-BCAE-4496-84BC-4DA4C37D0D00}.Debug|Any CPU.ActiveCfg = Debug|Any CPU
		{92F528FC-BCAE-4496-84BC-4DA4C37D0D00}.Debug|Any CPU.Build.0 = Debug|Any CPU
		{92F528FC-BCAE-4496-84BC-4DA4C37D0D00}.Release|Any CPU.ActiveCfg = Release|Any CPU
		{92F528FC-BCAE-4496-84BC-4DA4C37D0D00}.Release|Any CPU.Build.0 = Release|Any CPU
		{AC00D3D2-C749-4220-82C7-B4E73F02EB64}.Debug|Any CPU.ActiveCfg = Debug|Any CPU
		{AC00D3D2-C749-4220-82C7-B4E73F02EB64}.Debug|Any CPU.Build.0 = Debug|Any CPU
		{AC00D3D2-C749-4220-82C7-B4E73F02EB64}.Release|Any CPU.ActiveCfg = Release|Any CPU
		{AC00D3D2-C749-4220-82C7-B4E73F02EB64}.Release|Any CPU.Build.0 = Release|Any CPU
		{38E2C486-075C-4E17-A18E-94059CEB4F0D}.Debug|Any CPU.ActiveCfg = Debug|Any CPU
		{38E2C486-075C-4E17-A18E-94059CEB4F0D}.Debug|Any CPU.Build.0 = Debug|Any CPU
		{38E2C486-075C-4E17-A18E-94059CEB4F0D}.Release|Any CPU.ActiveCfg = Release|Any CPU
		{38E2C486-075C-4E17-A18E-94059CEB4F0D}.Release|Any CPU.Build.0 = Release|Any CPU
		{DBBB802C-62E0-4CEF-A2B6-C8D94AA3CE92}.Debug|Any CPU.ActiveCfg = Debug|Any CPU
		{DBBB802C-62E0-4CEF-A2B6-C8D94AA3CE92}.Debug|Any CPU.Build.0 = Debug|Any CPU
		{DBBB802C-62E0-4CEF-A2B6-C8D94AA3CE92}.Release|Any CPU.ActiveCfg = Release|Any CPU
		{DBBB802C-62E0-4CEF-A2B6-C8D94AA3CE92}.Release|Any CPU.Build.0 = Release|Any CPU
		{CA4FCB93-57C7-4B5E-B2C1-B0BD7229F1F5}.Debug|Any CPU.ActiveCfg = Debug|Any CPU
		{CA4FCB93-57C7-4B5E-B2C1-B0BD7229F1F5}.Debug|Any CPU.Build.0 = Debug|Any CPU
		{CA4FCB93-57C7-4B5E-B2C1-B0BD7229F1F5}.Release|Any CPU.ActiveCfg = Release|Any CPU
		{CA4FCB93-57C7-4B5E-B2C1-B0BD7229F1F5}.Release|Any CPU.Build.0 = Release|Any CPU
		{5E9F92D6-FF13-46DA-9C68-E4A0D84491B1}.Debug|Any CPU.ActiveCfg = Debug|Any CPU
		{5E9F92D6-FF13-46DA-9C68-E4A0D84491B1}.Debug|Any CPU.Build.0 = Debug|Any CPU
		{5E9F92D6-FF13-46DA-9C68-E4A0D84491B1}.Release|Any CPU.ActiveCfg = Release|Any CPU
		{5E9F92D6-FF13-46DA-9C68-E4A0D84491B1}.Release|Any CPU.Build.0 = Release|Any CPU
		{AF606BE1-8292-4FAE-B2C4-DF3F09D388BF}.Debug|Any CPU.ActiveCfg = Debug|Any CPU
		{AF606BE1-8292-4FAE-B2C4-DF3F09D388BF}.Debug|Any CPU.Build.0 = Debug|Any CPU
		{AF606BE1-8292-4FAE-B2C4-DF3F09D388BF}.Debug|Any CPU.Deploy.0 = Debug|Any CPU
		{AF606BE1-8292-4FAE-B2C4-DF3F09D388BF}.Release|Any CPU.ActiveCfg = Release|Any CPU
		{AF606BE1-8292-4FAE-B2C4-DF3F09D388BF}.Release|Any CPU.Build.0 = Release|Any CPU
		{AF606BE1-8292-4FAE-B2C4-DF3F09D388BF}.Release|Any CPU.Deploy.0 = Release|Any CPU
		{FB6F5405-EE24-4483-B313-787EB6833BF0}.Debug|Any CPU.ActiveCfg = Debug|Any CPU
		{FB6F5405-EE24-4483-B313-787EB6833BF0}.Debug|Any CPU.Build.0 = Debug|Any CPU
		{FB6F5405-EE24-4483-B313-787EB6833BF0}.Debug|Any CPU.Deploy.0 = Debug|Any CPU
		{FB6F5405-EE24-4483-B313-787EB6833BF0}.Release|Any CPU.ActiveCfg = Release|Any CPU
		{FB6F5405-EE24-4483-B313-787EB6833BF0}.Release|Any CPU.Build.0 = Release|Any CPU
		{FB6F5405-EE24-4483-B313-787EB6833BF0}.Release|Any CPU.Deploy.0 = Release|Any CPU
		{E7710502-F3FF-456E-B503-54AAFD6FFC2F}.Debug|Any CPU.ActiveCfg = Debug|Any CPU
		{E7710502-F3FF-456E-B503-54AAFD6FFC2F}.Debug|Any CPU.Build.0 = Debug|Any CPU
		{E7710502-F3FF-456E-B503-54AAFD6FFC2F}.Debug|Any CPU.Deploy.0 = Debug|Any CPU
		{E7710502-F3FF-456E-B503-54AAFD6FFC2F}.Release|Any CPU.ActiveCfg = Release|Any CPU
		{E7710502-F3FF-456E-B503-54AAFD6FFC2F}.Release|Any CPU.Build.0 = Release|Any CPU
		{E7710502-F3FF-456E-B503-54AAFD6FFC2F}.Release|Any CPU.Deploy.0 = Release|Any CPU
		{7D6016A1-1CAE-407A-AA16-250F738CF873}.Debug|Any CPU.ActiveCfg = Debug|Any CPU
		{7D6016A1-1CAE-407A-AA16-250F738CF873}.Debug|Any CPU.Build.0 = Debug|Any CPU
		{7D6016A1-1CAE-407A-AA16-250F738CF873}.Debug|Any CPU.Deploy.0 = Debug|Any CPU
		{7D6016A1-1CAE-407A-AA16-250F738CF873}.Release|Any CPU.ActiveCfg = Release|Any CPU
		{7D6016A1-1CAE-407A-AA16-250F738CF873}.Release|Any CPU.Build.0 = Release|Any CPU
		{7D6016A1-1CAE-407A-AA16-250F738CF873}.Release|Any CPU.Deploy.0 = Release|Any CPU
		{AF1C8DB5-030E-40A8-ADCE-40253F67E684}.Debug|Any CPU.ActiveCfg = Debug|Any CPU
		{AF1C8DB5-030E-40A8-ADCE-40253F67E684}.Debug|Any CPU.Build.0 = Debug|Any CPU
		{AF1C8DB5-030E-40A8-ADCE-40253F67E684}.Debug|Any CPU.Deploy.0 = Debug|Any CPU
		{AF1C8DB5-030E-40A8-ADCE-40253F67E684}.Release|Any CPU.ActiveCfg = Release|Any CPU
		{AF1C8DB5-030E-40A8-ADCE-40253F67E684}.Release|Any CPU.Build.0 = Release|Any CPU
		{AF1C8DB5-030E-40A8-ADCE-40253F67E684}.Release|Any CPU.Deploy.0 = Release|Any CPU
		{0579FA5E-3672-40DE-A524-8E8B2C33D603}.Debug|Any CPU.ActiveCfg = Debug|Any CPU
		{0579FA5E-3672-40DE-A524-8E8B2C33D603}.Debug|Any CPU.Build.0 = Debug|Any CPU
		{0579FA5E-3672-40DE-A524-8E8B2C33D603}.Debug|Any CPU.Deploy.0 = Debug|Any CPU
		{0579FA5E-3672-40DE-A524-8E8B2C33D603}.Release|Any CPU.ActiveCfg = Release|Any CPU
		{0579FA5E-3672-40DE-A524-8E8B2C33D603}.Release|Any CPU.Build.0 = Release|Any CPU
		{0579FA5E-3672-40DE-A524-8E8B2C33D603}.Release|Any CPU.Deploy.0 = Release|Any CPU
		{BADB8DDC-CE9E-4F1B-9ADA-C3023A5A086F}.Debug|Any CPU.ActiveCfg = Debug|Any CPU
		{BADB8DDC-CE9E-4F1B-9ADA-C3023A5A086F}.Debug|Any CPU.Build.0 = Debug|Any CPU
		{BADB8DDC-CE9E-4F1B-9ADA-C3023A5A086F}.Debug|Any CPU.Deploy.0 = Debug|Any CPU
		{BADB8DDC-CE9E-4F1B-9ADA-C3023A5A086F}.Release|Any CPU.ActiveCfg = Release|Any CPU
		{BADB8DDC-CE9E-4F1B-9ADA-C3023A5A086F}.Release|Any CPU.Build.0 = Release|Any CPU
		{BADB8DDC-CE9E-4F1B-9ADA-C3023A5A086F}.Release|Any CPU.Deploy.0 = Release|Any CPU
		{045B1099-E482-42C2-B1B5-C432E9A04532}.Debug|Any CPU.ActiveCfg = Debug|Any CPU
		{045B1099-E482-42C2-B1B5-C432E9A04532}.Debug|Any CPU.Build.0 = Debug|Any CPU
		{045B1099-E482-42C2-B1B5-C432E9A04532}.Debug|Any CPU.Deploy.0 = Debug|Any CPU
		{045B1099-E482-42C2-B1B5-C432E9A04532}.Release|Any CPU.ActiveCfg = Release|Any CPU
		{045B1099-E482-42C2-B1B5-C432E9A04532}.Release|Any CPU.Build.0 = Release|Any CPU
		{045B1099-E482-42C2-B1B5-C432E9A04532}.Release|Any CPU.Deploy.0 = Release|Any CPU
		{69C3E75A-9F95-468B-BE36-2DDD7C0C134A}.Debug|Any CPU.ActiveCfg = Debug|Any CPU
		{69C3E75A-9F95-468B-BE36-2DDD7C0C134A}.Debug|Any CPU.Build.0 = Debug|Any CPU
		{69C3E75A-9F95-468B-BE36-2DDD7C0C134A}.Debug|Any CPU.Deploy.0 = Debug|Any CPU
		{69C3E75A-9F95-468B-BE36-2DDD7C0C134A}.Release|Any CPU.ActiveCfg = Release|Any CPU
		{69C3E75A-9F95-468B-BE36-2DDD7C0C134A}.Release|Any CPU.Build.0 = Release|Any CPU
		{69C3E75A-9F95-468B-BE36-2DDD7C0C134A}.Release|Any CPU.Deploy.0 = Release|Any CPU
		{E8330FD3-047D-491A-BDAC-466B2AFCEDBA}.Debug|Any CPU.ActiveCfg = Debug|Any CPU
		{E8330FD3-047D-491A-BDAC-466B2AFCEDBA}.Debug|Any CPU.Build.0 = Debug|Any CPU
		{E8330FD3-047D-491A-BDAC-466B2AFCEDBA}.Debug|Any CPU.Deploy.0 = Debug|Any CPU
		{E8330FD3-047D-491A-BDAC-466B2AFCEDBA}.Release|Any CPU.ActiveCfg = Release|Any CPU
		{E8330FD3-047D-491A-BDAC-466B2AFCEDBA}.Release|Any CPU.Build.0 = Release|Any CPU
		{E8330FD3-047D-491A-BDAC-466B2AFCEDBA}.Release|Any CPU.Deploy.0 = Release|Any CPU
		{D555EC34-A44C-4A30-BCEF-473C340767C4}.Debug|Any CPU.ActiveCfg = Debug|Any CPU
		{D555EC34-A44C-4A30-BCEF-473C340767C4}.Debug|Any CPU.Build.0 = Debug|Any CPU
		{D555EC34-A44C-4A30-BCEF-473C340767C4}.Debug|Any CPU.Deploy.0 = Debug|Any CPU
		{D555EC34-A44C-4A30-BCEF-473C340767C4}.Release|Any CPU.ActiveCfg = Release|Any CPU
		{D555EC34-A44C-4A30-BCEF-473C340767C4}.Release|Any CPU.Build.0 = Release|Any CPU
		{D555EC34-A44C-4A30-BCEF-473C340767C4}.Release|Any CPU.Deploy.0 = Release|Any CPU
		{C2653BA3-476B-4B89-88FD-4262577C3ED9}.Debug|Any CPU.ActiveCfg = Debug|Any CPU
		{C2653BA3-476B-4B89-88FD-4262577C3ED9}.Debug|Any CPU.Build.0 = Debug|Any CPU
		{C2653BA3-476B-4B89-88FD-4262577C3ED9}.Debug|Any CPU.Deploy.0 = Debug|Any CPU
		{C2653BA3-476B-4B89-88FD-4262577C3ED9}.Release|Any CPU.ActiveCfg = Release|Any CPU
		{C2653BA3-476B-4B89-88FD-4262577C3ED9}.Release|Any CPU.Build.0 = Release|Any CPU
		{C2653BA3-476B-4B89-88FD-4262577C3ED9}.Release|Any CPU.Deploy.0 = Release|Any CPU
		{CB274B75-222B-4812-9810-E2E9C305E7DA}.Debug|Any CPU.ActiveCfg = Debug|Any CPU
		{CB274B75-222B-4812-9810-E2E9C305E7DA}.Debug|Any CPU.Build.0 = Debug|Any CPU
		{CB274B75-222B-4812-9810-E2E9C305E7DA}.Debug|Any CPU.Deploy.0 = Debug|Any CPU
		{CB274B75-222B-4812-9810-E2E9C305E7DA}.Release|Any CPU.ActiveCfg = Release|Any CPU
		{CB274B75-222B-4812-9810-E2E9C305E7DA}.Release|Any CPU.Build.0 = Release|Any CPU
		{CB274B75-222B-4812-9810-E2E9C305E7DA}.Release|Any CPU.Deploy.0 = Release|Any CPU
		{4765AC7D-CA2D-4204-B139-872BA3EEC693}.Debug|Any CPU.ActiveCfg = Debug|Any CPU
		{4765AC7D-CA2D-4204-B139-872BA3EEC693}.Debug|Any CPU.Build.0 = Debug|Any CPU
		{4765AC7D-CA2D-4204-B139-872BA3EEC693}.Release|Any CPU.ActiveCfg = Release|Any CPU
		{4765AC7D-CA2D-4204-B139-872BA3EEC693}.Release|Any CPU.Build.0 = Release|Any CPU
		{54B73CDD-A790-4F48-BA48-C9F1DFAE3F23}.Debug|Any CPU.ActiveCfg = Debug|Any CPU
		{54B73CDD-A790-4F48-BA48-C9F1DFAE3F23}.Debug|Any CPU.Build.0 = Debug|Any CPU
		{54B73CDD-A790-4F48-BA48-C9F1DFAE3F23}.Release|Any CPU.ActiveCfg = Release|Any CPU
		{54B73CDD-A790-4F48-BA48-C9F1DFAE3F23}.Release|Any CPU.Build.0 = Release|Any CPU
		{4B92B6D0-B517-453A-AFC7-D113B302D6A9}.Debug|Any CPU.ActiveCfg = Debug|Any CPU
		{4B92B6D0-B517-453A-AFC7-D113B302D6A9}.Debug|Any CPU.Build.0 = Debug|Any CPU
		{4B92B6D0-B517-453A-AFC7-D113B302D6A9}.Release|Any CPU.ActiveCfg = Release|Any CPU
		{4B92B6D0-B517-453A-AFC7-D113B302D6A9}.Release|Any CPU.Build.0 = Release|Any CPU
		{A958F32C-222B-443B-9999-A1B33ECCF8E9}.Debug|Any CPU.ActiveCfg = Debug|Any CPU
		{A958F32C-222B-443B-9999-A1B33ECCF8E9}.Debug|Any CPU.Build.0 = Debug|Any CPU
		{A958F32C-222B-443B-9999-A1B33ECCF8E9}.Release|Any CPU.ActiveCfg = Release|Any CPU
		{A958F32C-222B-443B-9999-A1B33ECCF8E9}.Release|Any CPU.Build.0 = Release|Any CPU
	EndGlobalSection
	GlobalSection(SolutionProperties) = preSolution
		HideSolutionNode = FALSE
	EndGlobalSection
	GlobalSection(NestedProjects) = preSolution
		{9B2DB61F-539A-4FF5-91B7-E6D30D2C05DA} = {DE3716EE-BE10-435B-A5C2-019B1392C4EF}
		{FA565959-8173-487D-9A03-287317372108} = {DE3716EE-BE10-435B-A5C2-019B1392C4EF}
		{BDEFBE5C-13B1-49AD-AEBF-DE18BEB389D1} = {A8D26D8C-688B-4663-92FC-863F68B7B4CD}
		{22260C90-982F-41A9-A377-62828C506FE8} = {A8D26D8C-688B-4663-92FC-863F68B7B4CD}
		{D4D799F4-5254-4709-8E74-40D4E6EF9E17} = {A8D26D8C-688B-4663-92FC-863F68B7B4CD}
		{12342243-B3C1-4097-A465-A70A7885D881} = {A8D26D8C-688B-4663-92FC-863F68B7B4CD}
		{42DB455C-D9CD-41E9-A859-891D03984681} = {A8D26D8C-688B-4663-92FC-863F68B7B4CD}
		{69D3AA0C-3D92-429D-8048-BC6DBFFDB544} = {68BC467A-C9FB-43BA-B601-79B0E3347911}
		{504C28DC-C860-4BF7-96D4-3FF34326A813} = {68BC467A-C9FB-43BA-B601-79B0E3347911}
		{8A632DB8-C871-4505-B2F7-A21E46C9D334} = {F62AB523-6F96-4A48-84EB-5F46BB11EE73}
		{55110A87-3FD2-4045-BFD6-81283A72B768} = {F62AB523-6F96-4A48-84EB-5F46BB11EE73}
		{1F27B9F1-88BD-4EB9-BEDD-735B2C2BC049} = {F62AB523-6F96-4A48-84EB-5F46BB11EE73}
		{7FF80E1F-BA69-44C9-94CB-2C785443426E} = {F62AB523-6F96-4A48-84EB-5F46BB11EE73}
		{CAC6AFC3-D2E8-4E9C-8D42-46F7320C5D2F} = {F62AB523-6F96-4A48-84EB-5F46BB11EE73}
		{1A0DBE22-B461-4943-95E5-E9511F2D4968} = {F62AB523-6F96-4A48-84EB-5F46BB11EE73}
		{7CB2B38B-34AB-4D86-8FC2-4B90B6B611F1} = {46280C6E-2B8A-48D0-A746-365C10124181}
		{62788931-00FE-4EFE-832D-A876E8559E37} = {46280C6E-2B8A-48D0-A746-365C10124181}
		{E89DCF1E-7E0B-4445-9BA9-ECD7B100C543} = {46280C6E-2B8A-48D0-A746-365C10124181}
		{92F528FC-BCAE-4496-84BC-4DA4C37D0D00} = {46280C6E-2B8A-48D0-A746-365C10124181}
		{AC00D3D2-C749-4220-82C7-B4E73F02EB64} = {46280C6E-2B8A-48D0-A746-365C10124181}
		{38E2C486-075C-4E17-A18E-94059CEB4F0D} = {46280C6E-2B8A-48D0-A746-365C10124181}
		{DBBB802C-62E0-4CEF-A2B6-C8D94AA3CE92} = {46280C6E-2B8A-48D0-A746-365C10124181}
		{CA4FCB93-57C7-4B5E-B2C1-B0BD7229F1F5} = {46280C6E-2B8A-48D0-A746-365C10124181}
		{5E9F92D6-FF13-46DA-9C68-E4A0D84491B1} = {46280C6E-2B8A-48D0-A746-365C10124181}
		{AF606BE1-8292-4FAE-B2C4-DF3F09D388BF} = {376B472F-8F19-4762-83D3-588CFAAE7BA5}
		{FB6F5405-EE24-4483-B313-787EB6833BF0} = {376B472F-8F19-4762-83D3-588CFAAE7BA5}
		{E7710502-F3FF-456E-B503-54AAFD6FFC2F} = {376B472F-8F19-4762-83D3-588CFAAE7BA5}
		{7D6016A1-1CAE-407A-AA16-250F738CF873} = {376B472F-8F19-4762-83D3-588CFAAE7BA5}
		{AF1C8DB5-030E-40A8-ADCE-40253F67E684} = {376B472F-8F19-4762-83D3-588CFAAE7BA5}
		{0579FA5E-3672-40DE-A524-8E8B2C33D603} = {376B472F-8F19-4762-83D3-588CFAAE7BA5}
		{BADB8DDC-CE9E-4F1B-9ADA-C3023A5A086F} = {376B472F-8F19-4762-83D3-588CFAAE7BA5}
		{045B1099-E482-42C2-B1B5-C432E9A04532} = {376B472F-8F19-4762-83D3-588CFAAE7BA5}
		{69C3E75A-9F95-468B-BE36-2DDD7C0C134A} = {376B472F-8F19-4762-83D3-588CFAAE7BA5}
		{E8330FD3-047D-491A-BDAC-466B2AFCEDBA} = {E048B968-FAB8-4B8C-A363-E1037EFD54F3}
		{D555EC34-A44C-4A30-BCEF-473C340767C4} = {E048B968-FAB8-4B8C-A363-E1037EFD54F3}
		{C2653BA3-476B-4B89-88FD-4262577C3ED9} = {E048B968-FAB8-4B8C-A363-E1037EFD54F3}
		{CB274B75-222B-4812-9810-E2E9C305E7DA} = {EB01F849-E1B9-4A56-A8EE-EBFCDF65B9F8}
		{4765AC7D-CA2D-4204-B139-872BA3EEC693} = {2FAE9184-E194-4581-A67D-69B152DAE1C0}
		{54B73CDD-A790-4F48-BA48-C9F1DFAE3F23} = {762B7B03-5523-492D-BE24-DD7B768D87D8}
		{4B92B6D0-B517-453A-AFC7-D113B302D6A9} = {762B7B03-5523-492D-BE24-DD7B768D87D8}
		{A958F32C-222B-443B-9999-A1B33ECCF8E9} = {0ABB44B9-CF0C-4225-9323-2A0C62DAC8AB}
	EndGlobalSection
	GlobalSection(ExtensibilityGlobals) = postSolution
		SolutionGuid = {7DA846CE-D4CE-4956-B689-5E71EC4356E3}
	EndGlobalSection
EndGlobal
